
Microsoft Visual Studio Solution File, Format Version 12.00
# Visual Studio Version 16
VisualStudioVersion = 16.0.29102.190
MinimumVisualStudioVersion = 10.0.40219.1
Project("{FAE04EC0-301F-11D3-BF4B-00C04F79EFBC}") = "WebAppExample", "WebAppExample.csproj", "{95EF60E2-6092-48A1-8D18-AD6CC9B980E3}"
EndProject
Project("{FAE04EC0-301F-11D3-BF4B-00C04F79EFBC}") = "WebAppExample.Tests", "..\WebAppExample.Tests\WebAppExample.Tests.csproj", "{4A6019E3-6764-4157-A1E9-1E6CF4E5E85E}"
EndProject
Global
	GlobalSection(SolutionConfigurationPlatforms) = preSolution
		Debug|Any CPU = Debug|Any CPU
		Release|Any CPU = Release|Any CPU
	EndGlobalSection
	GlobalSection(ProjectConfigurationPlatforms) = postSolution
		{95EF60E2-6092-48A1-8D18-AD6CC9B980E3}.Debug|Any CPU.ActiveCfg = Debug|Any CPU
		{95EF60E2-6092-48A1-8D18-AD6CC9B980E3}.Debug|Any CPU.Build.0 = Debug|Any CPU
		{95EF60E2-6092-48A1-8D18-AD6CC9B980E3}.Release|Any CPU.ActiveCfg = Release|Any CPU
		{95EF60E2-6092-48A1-8D18-AD6CC9B980E3}.Release|Any CPU.Build.0 = Release|Any CPU
		{4A6019E3-6764-4157-A1E9-1E6CF4E5E85E}.Debug|Any CPU.ActiveCfg = Debug|Any CPU
		{4A6019E3-6764-4157-A1E9-1E6CF4E5E85E}.Debug|Any CPU.Build.0 = Debug|Any CPU
		{4A6019E3-6764-4157-A1E9-1E6CF4E5E85E}.Release|Any CPU.ActiveCfg = Release|Any CPU
		{4A6019E3-6764-4157-A1E9-1E6CF4E5E85E}.Release|Any CPU.Build.0 = Release|Any CPU
	EndGlobalSection
	GlobalSection(SolutionProperties) = preSolution
		HideSolutionNode = FALSE
	EndGlobalSection
	GlobalSection(ExtensibilityGlobals) = postSolution
		SolutionGuid = {5070F28F-BF3C-419C-AC9A-02B45D7FD813}
	EndGlobalSection
EndGlobal
